
Microsoft Visual Studio Solution File, Format Version 12.00
# Visual Studio 14
VisualStudioVersion = 14.0.23107.0
MinimumVisualStudioVersion = 10.0.40219.1
Project("{FAE04EC0-301F-11D3-BF4B-00C04F79EFBC}") = "DataModel", "DataModel\DataModel.csproj", "{F8AC0BFA-0677-4B14-9651-A13FBFADAF3F}"
EndProject
Project("{FAE04EC0-301F-11D3-BF4B-00C04F79EFBC}") = "PMCUnitTests", "PMCUnitTests\PMCUnitTests.csproj", "{39CBE0FE-4E64-448E-9EB5-FF8F3D7EDC26}"
EndProject
Project("{FAE04EC0-301F-11D3-BF4B-00C04F79EFBC}") = "ClientApplication", "ClientApplication\ClientApplication.csproj", "{B233FD85-EB4D-43A6-AE60-3050454D4806}"
EndProject
Global
	GlobalSection(SolutionConfigurationPlatforms) = preSolution
		Debug|Any CPU = Debug|Any CPU
		Release|Any CPU = Release|Any CPU
	EndGlobalSection
	GlobalSection(ProjectConfigurationPlatforms) = postSolution
		{F8AC0BFA-0677-4B14-9651-A13FBFADAF3F}.Debug|Any CPU.ActiveCfg = Debug|Any CPU
		{F8AC0BFA-0677-4B14-9651-A13FBFADAF3F}.Debug|Any CPU.Build.0 = Debug|Any CPU
		{F8AC0BFA-0677-4B14-9651-A13FBFADAF3F}.Release|Any CPU.ActiveCfg = Release|Any CPU
		{F8AC0BFA-0677-4B14-9651-A13FBFADAF3F}.Release|Any CPU.Build.0 = Release|Any CPU
		{39CBE0FE-4E64-448E-9EB5-FF8F3D7EDC26}.Debug|Any CPU.ActiveCfg = Debug|Any CPU
		{39CBE0FE-4E64-448E-9EB5-FF8F3D7EDC26}.Debug|Any CPU.Build.0 = Debug|Any CPU
		{39CBE0FE-4E64-448E-9EB5-FF8F3D7EDC26}.Release|Any CPU.ActiveCfg = Release|Any CPU
		{39CBE0FE-4E64-448E-9EB5-FF8F3D7EDC26}.Release|Any CPU.Build.0 = Release|Any CPU
		{B233FD85-EB4D-43A6-AE60-3050454D4806}.Debug|Any CPU.ActiveCfg = Debug|Any CPU
		{B233FD85-EB4D-43A6-AE60-3050454D4806}.Debug|Any CPU.Build.0 = Debug|Any CPU
		{B233FD85-EB4D-43A6-AE60-3050454D4806}.Release|Any CPU.ActiveCfg = Release|Any CPU
		{B233FD85-EB4D-43A6-AE60-3050454D4806}.Release|Any CPU.Build.0 = Release|Any CPU
	EndGlobalSection
	GlobalSection(SolutionProperties) = preSolution
		HideSolutionNode = FALSE
	EndGlobalSection
EndGlobal
